
Microsoft Visual Studio Solution File, Format Version 12.00
Project("{FAE04EC0-301F-11D3-BF4B-00C04F79EFBC}") = "TaskManagement.Server", "TaskManagement\Server\TaskManagement.Server.csproj", "{4373EE6D-031E-4399-B334-783DB61FA5D2}"
EndProject
Project("{FAE04EC0-301F-11D3-BF4B-00C04F79EFBC}") = "TaskManagement.Client", "TaskManagement\Client\TaskManagement.Client.csproj", "{F7756774-CB14-4689-A2AC-39BBA1647DED}"
EndProject
Project("{FAE04EC0-301F-11D3-BF4B-00C04F79EFBC}") = "TaskManagement.Shared", "TaskManagement\Shared\TaskManagement.Shared.csproj", "{123199B0-9BBF-4C38-9B9B-335FF4E40BFA}"
EndProject
Global
	GlobalSection(SolutionConfigurationPlatforms) = preSolution
		Debug|Any CPU = Debug|Any CPU
		Release|Any CPU = Release|Any CPU
	EndGlobalSection
	GlobalSection(ProjectConfigurationPlatforms) = postSolution
		{4373EE6D-031E-4399-B334-783DB61FA5D2}.Debug|Any CPU.ActiveCfg = Debug|Any CPU
		{4373EE6D-031E-4399-B334-783DB61FA5D2}.Debug|Any CPU.Build.0 = Debug|Any CPU
		{4373EE6D-031E-4399-B334-783DB61FA5D2}.Release|Any CPU.ActiveCfg = Release|Any CPU
		{4373EE6D-031E-4399-B334-783DB61FA5D2}.Release|Any CPU.Build.0 = Release|Any CPU
		{F7756774-CB14-4689-A2AC-39BBA1647DED}.Debug|Any CPU.ActiveCfg = Debug|Any CPU
		{F7756774-CB14-4689-A2AC-39BBA1647DED}.Debug|Any CPU.Build.0 = Debug|Any CPU
		{F7756774-CB14-4689-A2AC-39BBA1647DED}.Release|Any CPU.ActiveCfg = Release|Any CPU
		{F7756774-CB14-4689-A2AC-39BBA1647DED}.Release|Any CPU.Build.0 = Release|Any CPU
		{123199B0-9BBF-4C38-9B9B-335FF4E40BFA}.Debug|Any CPU.ActiveCfg = Debug|Any CPU
		{123199B0-9BBF-4C38-9B9B-335FF4E40BFA}.Debug|Any CPU.Build.0 = Debug|Any CPU
		{123199B0-9BBF-4C38-9B9B-335FF4E40BFA}.Release|Any CPU.ActiveCfg = Release|Any CPU
		{123199B0-9BBF-4C38-9B9B-335FF4E40BFA}.Release|Any CPU.Build.0 = Release|Any CPU
	EndGlobalSection
EndGlobal
